
Microsoft Visual Studio Solution File, Format Version 12.00
# Visual Studio Version 16
VisualStudioVersion = 16.0.29009.5
MinimumVisualStudioVersion = 10.0.40219.1
Project("{FAE04EC0-301F-11D3-BF4B-00C04F79EFBC}") = "RelevantPizza", "RelevantPizza\RelevantPizza.csproj", "{9A97FFE1-25BD-4F57-9DD4-A553338A0416}"
EndProject
Global
	GlobalSection(SolutionConfigurationPlatforms) = preSolution
		Debug|Any CPU = Debug|Any CPU
		Release|Any CPU = Release|Any CPU
	EndGlobalSection
	GlobalSection(ProjectConfigurationPlatforms) = postSolution
		{9A97FFE1-25BD-4F57-9DD4-A553338A0416}.Debug|Any CPU.ActiveCfg = Debug|Any CPU
		{9A97FFE1-25BD-4F57-9DD4-A553338A0416}.Debug|Any CPU.Build.0 = Debug|Any CPU
		{9A97FFE1-25BD-4F57-9DD4-A553338A0416}.Release|Any CPU.ActiveCfg = Release|Any CPU
		{9A97FFE1-25BD-4F57-9DD4-A553338A0416}.Release|Any CPU.Build.0 = Release|Any CPU
	EndGlobalSection
	GlobalSection(SolutionProperties) = preSolution
		HideSolutionNode = FALSE
	EndGlobalSection
	GlobalSection(ExtensibilityGlobals) = postSolution
		SolutionGuid = {90348E70-E0F4-4A11-B957-FECE04C18C1A}
	EndGlobalSection
EndGlobal
